
Microsoft Visual Studio Solution File, Format Version 12.00
# Visual Studio Version 17
VisualStudioVersion = 17.14.36623.8
MinimumVisualStudioVersion = 10.0.40219.1
Project("{2150E333-8FDC-42A3-9474-1A3956D46DE8}") = "Task0", "Task0", "{02EA681E-C7D8-13C7-8484-4AC65E1B71E8}"
EndProject
Project("{FAE04EC0-301F-11D3-BF4B-00C04F79EFBC}") = "Tyuiu.AxyonovMA.Sprint5.Task0.V14.Lib", "Tyuiu.AxyonovMA.Sprint5.Task0.V14.Lib\Tyuiu.AxyonovMA.Sprint5.Task0.V14.Lib.csproj", "{26C34023-A907-4EEA-8F9E-45A98FA99A34}"
EndProject
Project("{FAE04EC0-301F-11D3-BF4B-00C04F79EFBC}") = "Tyuiu.AxyonovMA.Sprint5.Task0.V14", "Tyuiu.AxyonovMA.Sprint5.Task0.V14\Tyuiu.AxyonovMA.Sprint5.Task0.V14.csproj", "{0A4634FB-9F94-4819-B65F-FC90E59C1077}"
EndProject
Project("{FAE04EC0-301F-11D3-BF4B-00C04F79EFBC}") = "Tyuiu.AxyonovMA.Sprint5.Task0.V14.Test", "Tyuiu.AxyonovMA.Sprint5.Task0.V14.Test\Tyuiu.AxyonovMA.Sprint5.Task0.V14.Test.csproj", "{D970294B-BB58-45D5-A8E2-E7943CA7D077}"
EndProject
Project("{2150E333-8FDC-42A3-9474-1A3956D46DE8}") = "Task1", "Task1", "{4DE75D84-B533-48DB-A93E-0DCB23743E7E}"
EndProject
Project("{FAE04EC0-301F-11D3-BF4B-00C04F79EFBC}") = "Tyuiu.AxyonovMA.Sprint5.Task1.V13.Lib", "Tyuiu.AxyonovMA.Sprint5.Task1.V13.Lib\Tyuiu.AxyonovMA.Sprint5.Task1.V13.Lib.csproj", "{5796E232-6D14-4ACC-BC91-C876FF550F52}"
EndProject
Project("{FAE04EC0-301F-11D3-BF4B-00C04F79EFBC}") = "Tyuiu.AxyonovMA.Sprint5.Task1.V13", "Tyuiu.AxyonovMA.Sprint5.Task1.V13\Tyuiu.AxyonovMA.Sprint5.Task1.V13.csproj", "{B3A2724E-E9AC-439F-A41F-102F561DF5CB}"
EndProject
Project("{FAE04EC0-301F-11D3-BF4B-00C04F79EFBC}") = "Tyuiu.AxyonovMA.Sprint5.Task1.V13.Test", "Tyuiu.AxyonovMA.Sprint5.Task1.V13.Test\Tyuiu.AxyonovMA.Sprint5.Task1.V13.Test.csproj", "{49587C39-61B4-4FEC-9A77-1E41A983B8FC}"
EndProject
Project("{2150E333-8FDC-42A3-9474-1A3956D46DE8}") = "Task2", "Task2", "{3930937E-FA3D-4D5C-868B-A436DBE26A44}"
EndProject
Project("{FAE04EC0-301F-11D3-BF4B-00C04F79EFBC}") = "Tyuiu.AxyonovMA.Sprint5.Task2.V23.Lib", "Tyuiu.AxyonovMA.Sprint5.Task2.V23.Lib\Tyuiu.AxyonovMA.Sprint5.Task2.V23.Lib.csproj", "{329B0497-4799-4962-9BF8-298EC77E0E4E}"
EndProject
Project("{FAE04EC0-301F-11D3-BF4B-00C04F79EFBC}") = "Tyuiu.AxyonovMA.Sprint5.Task2.V23", "Tyuiu.AxyonovMA.Sprint5.Task2.V23\Tyuiu.AxyonovMA.Sprint5.Task2.V23.csproj", "{039A6BA8-0C55-45B7-B032-2C5E9C78FF86}"
EndProject
Project("{FAE04EC0-301F-11D3-BF4B-00C04F79EFBC}") = "Tyuiu.AxyonovMA.Sprint5.Task2.V23.Test", "Tyuiu.AxyonovMA.Sprint5.Task2.V23.Test\Tyuiu.AxyonovMA.Sprint5.Task2.V23.Test.csproj", "{6B538AA1-B619-41B3-B6E3-2E1662B7FB76}"
EndProject
Project("{2150E333-8FDC-42A3-9474-1A3956D46DE8}") = "Task3", "Task3", "{D4D5AA01-1012-4696-89A5-DD160A9913B2}"
EndProject
Project("{FAE04EC0-301F-11D3-BF4B-00C04F79EFBC}") = "Tyuiu.AxyonovMA.Sprint5.Task3.V12.Lib", "Tyuiu.AxyonovMA.Sprint5.Task3.V12.Lib\Tyuiu.AxyonovMA.Sprint5.Task3.V12.Lib.csproj", "{26FA0D31-88EF-4C85-8F97-D0BE6AE543DB}"
EndProject
Project("{FAE04EC0-301F-11D3-BF4B-00C04F79EFBC}") = "Tyuiu.AxyonovMA.Sprint5.Task3.V12", "Tyuiu.AxyonovMA.Sprint5.Task3.V12\Tyuiu.AxyonovMA.Sprint5.Task3.V12.csproj", "{06647614-6D56-4DA8-AAD9-85AEAFD7ED8E}"
EndProject
Project("{FAE04EC0-301F-11D3-BF4B-00C04F79EFBC}") = "Tyuiu.AxyonovMA.Sprint5.Task3.V12.Test", "Tyuiu.AxyonovMA.Sprint5.Task3.V12.Test\Tyuiu.AxyonovMA.Sprint5.Task3.V12.Test.csproj", "{9F102421-FFB7-4270-8835-6CE5123BE080}"
EndProject
Project("{2150E333-8FDC-42A3-9474-1A3956D46DE8}") = "Task4", "Task4", "{400DFDCC-4608-497E-8412-853D7E27B602}"
EndProject
Project("{FAE04EC0-301F-11D3-BF4B-00C04F79EFBC}") = "Tyuiu.AxyonovMA.Sprint5.Task4.V21.Lib", "Tyuiu.AxyonovMA.Sprint5.Task4.V21.Lib\Tyuiu.AxyonovMA.Sprint5.Task4.V21.Lib.csproj", "{CC816F6E-F14A-472C-9EDE-5BDBEF5FD6A3}"
EndProject
Project("{FAE04EC0-301F-11D3-BF4B-00C04F79EFBC}") = "Tyuiu.AxyonovMA.Sprint5.Task4.V21", "Tyuiu.AxyonovMA.Sprint5.Task4.V21\Tyuiu.AxyonovMA.Sprint5.Task4.V21.csproj", "{E96CDD83-2EBC-45B5-B59D-CA9AC45C9A03}"
EndProject
Project("{FAE04EC0-301F-11D3-BF4B-00C04F79EFBC}") = "Tyuiu.AxyonovMA.Sprint5.Task4.V21.Test", "Tyuiu.AxyonovMA.Sprint5.Task4.V21.Test\Tyuiu.AxyonovMA.Sprint5.Task4.V21.Test.csproj", "{921248F6-9D98-468A-90C0-F501947F9C0F}"
EndProject
Project("{2150E333-8FDC-42A3-9474-1A3956D46DE8}") = "Task5", "Task5", "{190EDE09-419B-4883-8AB3-A8B358C17653}"
EndProject
Project("{FAE04EC0-301F-11D3-BF4B-00C04F79EFBC}") = "Tyuiu.AxyonovMA.Sprint5.Task5.V13.Lib", "Tyuiu.AxyonovMA.Sprint5.Task5.V13.Lib\Tyuiu.AxyonovMA.Sprint5.Task5.V13.Lib.csproj", "{BB8467A8-E968-43EB-9884-BF8E0EE5C370}"
EndProject
Project("{FAE04EC0-301F-11D3-BF4B-00C04F79EFBC}") = "Tyuiu.AxyonovMA.Sprint5.Task5.V13", "Tyuiu.AxyonovMA.Sprint5.Task5.V13\Tyuiu.AxyonovMA.Sprint5.Task5.V13.csproj", "{52F768D2-15A5-4168-80BF-460BA0B48F07}"
EndProject
Project("{FAE04EC0-301F-11D3-BF4B-00C04F79EFBC}") = "Tyuiu.AxyonovMA.Sprint5.Task5.V13.Test", "Tyuiu.AxyonovMA.Sprint5.Task5.V13.Test\Tyuiu.AxyonovMA.Sprint5.Task5.V13.Test.csproj", "{C6477F9C-F625-45AB-BF79-6F8DDBC47CD2}"
EndProject
Project("{2150E333-8FDC-42A3-9474-1A3956D46DE8}") = "Task6", "Task6", "{8F94B82F-3CFF-4619-9FB9-074055D17DF7}"
EndProject
Project("{FAE04EC0-301F-11D3-BF4B-00C04F79EFBC}") = "Tyuiu.AxyonovMA.Sprint5.Task7.V3.Lib", "Tyuiu.AxyonovMA.Sprint5.Task7.V3.Lib\Tyuiu.AxyonovMA.Sprint5.Task7.V3.Lib.csproj", "{88C1876E-0DC5-463E-BCA5-CBA306A5DEB4}"
EndProject
Project("{FAE04EC0-301F-11D3-BF4B-00C04F79EFBC}") = "Tyuiu.AxyonovMA.Sprint5.Task7.V3", "Tyuiu.AxyonovMA.Sprint5.Task7.V3\Tyuiu.AxyonovMA.Sprint5.Task7.V3.csproj", "{BB7D8292-4868-4405-8FD0-CDCC5B656452}"
EndProject
Project("{FAE04EC0-301F-11D3-BF4B-00C04F79EFBC}") = "Tyuiu.AxyonovMA.Sprint5.Task7.V3.Test", "Tyuiu.AxyonovMA.Sprint5.Task7.V3.Test\Tyuiu.AxyonovMA.Sprint5.Task7.V3.Test.csproj", "{8F818A26-F385-4E62-9488-9E307E4CE6D5}"
EndProject
Global
	GlobalSection(SolutionConfigurationPlatforms) = preSolution
		Debug|Any CPU = Debug|Any CPU
		Release|Any CPU = Release|Any CPU
	EndGlobalSection
	GlobalSection(ProjectConfigurationPlatforms) = postSolution
		{26C34023-A907-4EEA-8F9E-45A98FA99A34}.Debug|Any CPU.ActiveCfg = Debug|Any CPU
		{26C34023-A907-4EEA-8F9E-45A98FA99A34}.Debug|Any CPU.Build.0 = Debug|Any CPU
		{26C34023-A907-4EEA-8F9E-45A98FA99A34}.Release|Any CPU.ActiveCfg = Release|Any CPU
		{26C34023-A907-4EEA-8F9E-45A98FA99A34}.Release|Any CPU.Build.0 = Release|Any CPU
		{0A4634FB-9F94-4819-B65F-FC90E59C1077}.Debug|Any CPU.ActiveCfg = Debug|Any CPU
		{0A4634FB-9F94-4819-B65F-FC90E59C1077}.Debug|Any CPU.Build.0 = Debug|Any CPU
		{0A4634FB-9F94-4819-B65F-FC90E59C1077}.Release|Any CPU.ActiveCfg = Release|Any CPU
		{0A4634FB-9F94-4819-B65F-FC90E59C1077}.Release|Any CPU.Build.0 = Release|Any CPU
		{D970294B-BB58-45D5-A8E2-E7943CA7D077}.Debug|Any CPU.ActiveCfg = Debug|Any CPU
		{D970294B-BB58-45D5-A8E2-E7943CA7D077}.Debug|Any CPU.Build.0 = Debug|Any CPU
		{D970294B-BB58-45D5-A8E2-E7943CA7D077}.Release|Any CPU.ActiveCfg = Release|Any CPU
		{D970294B-BB58-45D5-A8E2-E7943CA7D077}.Release|Any CPU.Build.0 = Release|Any CPU
		{5796E232-6D14-4ACC-BC91-C876FF550F52}.Debug|Any CPU.ActiveCfg = Debug|Any CPU
		{5796E232-6D14-4ACC-BC91-C876FF550F52}.Debug|Any CPU.Build.0 = Debug|Any CPU
		{5796E232-6D14-4ACC-BC91-C876FF550F52}.Release|Any CPU.ActiveCfg = Release|Any CPU
		{5796E232-6D14-4ACC-BC91-C876FF550F52}.Release|Any CPU.Build.0 = Release|Any CPU
		{B3A2724E-E9AC-439F-A41F-102F561DF5CB}.Debug|Any CPU.ActiveCfg = Debug|Any CPU
		{B3A2724E-E9AC-439F-A41F-102F561DF5CB}.Debug|Any CPU.Build.0 = Debug|Any CPU
		{B3A2724E-E9AC-439F-A41F-102F561DF5CB}.Release|Any CPU.ActiveCfg = Release|Any CPU
		{B3A2724E-E9AC-439F-A41F-102F561DF5CB}.Release|Any CPU.Build.0 = Release|Any CPU
		{49587C39-61B4-4FEC-9A77-1E41A983B8FC}.Debug|Any CPU.ActiveCfg = Debug|Any CPU
		{49587C39-61B4-4FEC-9A77-1E41A983B8FC}.Debug|Any CPU.Build.0 = Debug|Any CPU
		{49587C39-61B4-4FEC-9A77-1E41A983B8FC}.Release|Any CPU.ActiveCfg = Release|Any CPU
		{49587C39-61B4-4FEC-9A77-1E41A983B8FC}.Release|Any CPU.Build.0 = Release|Any CPU
		{329B0497-4799-4962-9BF8-298EC77E0E4E}.Debug|Any CPU.ActiveCfg = Debug|Any CPU
		{329B0497-4799-4962-9BF8-298EC77E0E4E}.Debug|Any CPU.Build.0 = Debug|Any CPU
		{329B0497-4799-4962-9BF8-298EC77E0E4E}.Release|Any CPU.ActiveCfg = Release|Any CPU
		{329B0497-4799-4962-9BF8-298EC77E0E4E}.Release|Any CPU.Build.0 = Release|Any CPU
		{039A6BA8-0C55-45B7-B032-2C5E9C78FF86}.Debug|Any CPU.ActiveCfg = Debug|Any CPU
		{039A6BA8-0C55-45B7-B032-2C5E9C78FF86}.Debug|Any CPU.Build.0 = Debug|Any CPU
		{039A6BA8-0C55-45B7-B032-2C5E9C78FF86}.Release|Any CPU.ActiveCfg = Release|Any CPU
		{039A6BA8-0C55-45B7-B032-2C5E9C78FF86}.Release|Any CPU.Build.0 = Release|Any CPU
		{6B538AA1-B619-41B3-B6E3-2E1662B7FB76}.Debug|Any CPU.ActiveCfg = Debug|Any CPU
		{6B538AA1-B619-41B3-B6E3-2E1662B7FB76}.Debug|Any CPU.Build.0 = Debug|Any CPU
		{6B538AA1-B619-41B3-B6E3-2E1662B7FB76}.Release|Any CPU.ActiveCfg = Release|Any CPU
		{6B538AA1-B619-41B3-B6E3-2E1662B7FB76}.Release|Any CPU.Build.0 = Release|Any CPU
		{26FA0D31-88EF-4C85-8F97-D0BE6AE543DB}.Debug|Any CPU.ActiveCfg = Debug|Any CPU
		{26FA0D31-88EF-4C85-8F97-D0BE6AE543DB}.Debug|Any CPU.Build.0 = Debug|Any CPU
		{26FA0D31-88EF-4C85-8F97-D0BE6AE543DB}.Release|Any CPU.ActiveCfg = Release|Any CPU
		{26FA0D31-88EF-4C85-8F97-D0BE6AE543DB}.Release|Any CPU.Build.0 = Release|Any CPU
		{06647614-6D56-4DA8-AAD9-85AEAFD7ED8E}.Debug|Any CPU.ActiveCfg = Debug|Any CPU
		{06647614-6D56-4DA8-AAD9-85AEAFD7ED8E}.Debug|Any CPU.Build.0 = Debug|Any CPU
		{06647614-6D56-4DA8-AAD9-85AEAFD7ED8E}.Release|Any CPU.ActiveCfg = Release|Any CPU
		{06647614-6D56-4DA8-AAD9-85AEAFD7ED8E}.Release|Any CPU.Build.0 = Release|Any CPU
		{9F102421-FFB7-4270-8835-6CE5123BE080}.Debug|Any CPU.ActiveCfg = Debug|Any CPU
		{9F102421-FFB7-4270-8835-6CE5123BE080}.Debug|Any CPU.Build.0 = Debug|Any CPU
		{9F102421-FFB7-4270-8835-6CE5123BE080}.Release|Any CPU.ActiveCfg = Release|Any CPU
		{9F102421-FFB7-4270-8835-6CE5123BE080}.Release|Any CPU.Build.0 = Release|Any CPU
		{CC816F6E-F14A-472C-9EDE-5BDBEF5FD6A3}.Debug|Any CPU.ActiveCfg = Debug|Any CPU
		{CC816F6E-F14A-472C-9EDE-5BDBEF5FD6A3}.Debug|Any CPU.Build.0 = Debug|Any CPU
		{CC816F6E-F14A-472C-9EDE-5BDBEF5FD6A3}.Release|Any CPU.ActiveCfg = Release|Any CPU
		{CC816F6E-F14A-472C-9EDE-5BDBEF5FD6A3}.Release|Any CPU.Build.0 = Release|Any CPU
		{E96CDD83-2EBC-45B5-B59D-CA9AC45C9A03}.Debug|Any CPU.ActiveCfg = Debug|Any CPU
		{E96CDD83-2EBC-45B5-B59D-CA9AC45C9A03}.Debug|Any CPU.Build.0 = Debug|Any CPU
		{E96CDD83-2EBC-45B5-B59D-CA9AC45C9A03}.Release|Any CPU.ActiveCfg = Release|Any CPU
		{E96CDD83-2EBC-45B5-B59D-CA9AC45C9A03}.Release|Any CPU.Build.0 = Release|Any CPU
		{921248F6-9D98-468A-90C0-F501947F9C0F}.Debug|Any CPU.ActiveCfg = Debug|Any CPU
		{921248F6-9D98-468A-90C0-F501947F9C0F}.Debug|Any CPU.Build.0 = Debug|Any CPU
		{921248F6-9D98-468A-90C0-F501947F9C0F}.Release|Any CPU.ActiveCfg = Release|Any CPU
		{921248F6-9D98-468A-90C0-F501947F9C0F}.Release|Any CPU.Build.0 = Release|Any CPU
		{BB8467A8-E968-43EB-9884-BF8E0EE5C370}.Debug|Any CPU.ActiveCfg = Debug|Any CPU
		{BB8467A8-E968-43EB-9884-BF8E0EE5C370}.Debug|Any CPU.Build.0 = Debug|Any CPU
		{BB8467A8-E968-43EB-9884-BF8E0EE5C370}.Release|Any CPU.ActiveCfg = Release|Any CPU
		{BB8467A8-E968-43EB-9884-BF8E0EE5C370}.Release|Any CPU.Build.0 = Release|Any CPU
		{52F768D2-15A5-4168-80BF-460BA0B48F07}.Debug|Any CPU.ActiveCfg = Debug|Any CPU
		{52F768D2-15A5-4168-80BF-460BA0B48F07}.Debug|Any CPU.Build.0 = Debug|Any CPU
		{52F768D2-15A5-4168-80BF-460BA0B48F07}.Release|Any CPU.ActiveCfg = Release|Any CPU
		{52F768D2-15A5-4168-80BF-460BA0B48F07}.Release|Any CPU.Build.0 = Release|Any CPU
		{C6477F9C-F625-45AB-BF79-6F8DDBC47CD2}.Debug|Any CPU.ActiveCfg = Debug|Any CPU
		{C6477F9C-F625-45AB-BF79-6F8DDBC47CD2}.Debug|Any CPU.Build.0 = Debug|Any CPU
		{C6477F9C-F625-45AB-BF79-6F8DDBC47CD2}.Release|Any CPU.ActiveCfg = Release|Any CPU
		{C6477F9C-F625-45AB-BF79-6F8DDBC47CD2}.Release|Any CPU.Build.0 = Release|Any CPU
		{88C1876E-0DC5-463E-BCA5-CBA306A5DEB4}.Debug|Any CPU.ActiveCfg = Debug|Any CPU
		{88C1876E-0DC5-463E-BCA5-CBA306A5DEB4}.Debug|Any CPU.Build.0 = Debug|Any CPU
		{88C1876E-0DC5-463E-BCA5-CBA306A5DEB4}.Release|Any CPU.ActiveCfg = Release|Any CPU
		{88C1876E-0DC5-463E-BCA5-CBA306A5DEB4}.Release|Any CPU.Build.0 = Release|Any CPU
		{BB7D8292-4868-4405-8FD0-CDCC5B656452}.Debug|Any CPU.ActiveCfg = Debug|Any CPU
		{BB7D8292-4868-4405-8FD0-CDCC5B656452}.Debug|Any CPU.Build.0 = Debug|Any CPU
		{BB7D8292-4868-4405-8FD0-CDCC5B656452}.Release|Any CPU.ActiveCfg = Release|Any CPU
		{BB7D8292-4868-4405-8FD0-CDCC5B656452}.Release|Any CPU.Build.0 = Release|Any CPU
		{8F818A26-F385-4E62-9488-9E307E4CE6D5}.Debug|Any CPU.ActiveCfg = Debug|Any CPU
		{8F818A26-F385-4E62-9488-9E307E4CE6D5}.Debug|Any CPU.Build.0 = Debug|Any CPU
		{8F818A26-F385-4E62-9488-9E307E4CE6D5}.Release|Any CPU.ActiveCfg = Release|Any CPU
		{8F818A26-F385-4E62-9488-9E307E4CE6D5}.Release|Any CPU.Build.0 = Release|Any CPU
	EndGlobalSection
	GlobalSection(SolutionProperties) = preSolution
		HideSolutionNode = FALSE
	EndGlobalSection
	GlobalSection(NestedProjects) = preSolution
		{26C34023-A907-4EEA-8F9E-45A98FA99A34} = {02EA681E-C7D8-13C7-8484-4AC65E1B71E8}
		{0A4634FB-9F94-4819-B65F-FC90E59C1077} = {02EA681E-C7D8-13C7-8484-4AC65E1B71E8}
		{D970294B-BB58-45D5-A8E2-E7943CA7D077} = {02EA681E-C7D8-13C7-8484-4AC65E1B71E8}
		{5796E232-6D14-4ACC-BC91-C876FF550F52} = {4DE75D84-B533-48DB-A93E-0DCB23743E7E}
		{B3A2724E-E9AC-439F-A41F-102F561DF5CB} = {4DE75D84-B533-48DB-A93E-0DCB23743E7E}
		{49587C39-61B4-4FEC-9A77-1E41A983B8FC} = {4DE75D84-B533-48DB-A93E-0DCB23743E7E}
		{329B0497-4799-4962-9BF8-298EC77E0E4E} = {3930937E-FA3D-4D5C-868B-A436DBE26A44}
		{039A6BA8-0C55-45B7-B032-2C5E9C78FF86} = {3930937E-FA3D-4D5C-868B-A436DBE26A44}
		{6B538AA1-B619-41B3-B6E3-2E1662B7FB76} = {3930937E-FA3D-4D5C-868B-A436DBE26A44}
		{26FA0D31-88EF-4C85-8F97-D0BE6AE543DB} = {D4D5AA01-1012-4696-89A5-DD160A9913B2}
		{06647614-6D56-4DA8-AAD9-85AEAFD7ED8E} = {D4D5AA01-1012-4696-89A5-DD160A9913B2}
		{9F102421-FFB7-4270-8835-6CE5123BE080} = {D4D5AA01-1012-4696-89A5-DD160A9913B2}
		{CC816F6E-F14A-472C-9EDE-5BDBEF5FD6A3} = {400DFDCC-4608-497E-8412-853D7E27B602}
		{E96CDD83-2EBC-45B5-B59D-CA9AC45C9A03} = {400DFDCC-4608-497E-8412-853D7E27B602}
		{921248F6-9D98-468A-90C0-F501947F9C0F} = {400DFDCC-4608-497E-8412-853D7E27B602}
		{BB8467A8-E968-43EB-9884-BF8E0EE5C370} = {190EDE09-419B-4883-8AB3-A8B358C17653}
		{52F768D2-15A5-4168-80BF-460BA0B48F07} = {190EDE09-419B-4883-8AB3-A8B358C17653}
		{C6477F9C-F625-45AB-BF79-6F8DDBC47CD2} = {190EDE09-419B-4883-8AB3-A8B358C17653}
		{88C1876E-0DC5-463E-BCA5-CBA306A5DEB4} = {8F94B82F-3CFF-4619-9FB9-074055D17DF7}
		{BB7D8292-4868-4405-8FD0-CDCC5B656452} = {8F94B82F-3CFF-4619-9FB9-074055D17DF7}
		{8F818A26-F385-4E62-9488-9E307E4CE6D5} = {8F94B82F-3CFF-4619-9FB9-074055D17DF7}
	EndGlobalSection
	GlobalSection(ExtensibilityGlobals) = postSolution
		SolutionGuid = {24CBED11-0F2B-4F26-BD10-F65797C7822F}
	EndGlobalSection
EndGlobal
